PODS:
  - FSCalendar (2.8.4)
  - NMapsGeometry (1.0.1)
  - NMapsMap (3.17.0):
    - NMapsGeometry
  - SnapKit (5.6.0)

DEPENDENCIES:
  - FSCalendar
  - NMapsMap
  - SnapKit

SPEC REPOS:
  trunk:
    - FSCalendar
    - NMapsGeometry
    - NMapsMap
    - SnapKit

SPEC CHECKSUMS:
  FSCalendar: 2d1d0d9398f12d439f55c1fe0f01525b151b8260
  NMapsGeometry: 53c573ead66466681cf123f99f698dc8071a4b83
  NMapsMap: a5b909a31b6f3d27a670f6eb2ddc913c38975474
  SnapKit: e01d52ebb8ddbc333eefe2132acf85c8227d9c25

PODFILE CHECKSUM: 68f02be2d6fcf737040676538000e2a4eb50b024

COCOAPODS: 1.12.1
